
Microsoft Visual Studio Solution File, Format Version 12.00
# Visual Studio 15
VisualStudioVersion = 15.0.27130.2027
MinimumVisualStudioVersion = 10.0.40219.1
Project("{2150E333-8FDC-42A3-9474-1A3956D46DE8}") = "src", "src", "{A4CE505F-9E5D-409E-8CAB-B43C8A79A26F}"
EndProject
Project("{2150E333-8FDC-42A3-9474-1A3956D46DE8}") = "test", "test", "{4AE8A0DA-6C49-4F20-8185-AF666423E63F}"
EndProject
Project("{2150E333-8FDC-42A3-9474-1A3956D46DE8}") = "Services", "Services", "{228E38E3-572D-42BB-BE6A-CFAE7FF105BA}"
EndProject
Project("{9A19103F-16F7-4668-BE54-9A1E7A4F7556}") = "CoreCodeCamper.API", "src\Services\CoreCodeCamper.API\CoreCodeCamper.API.csproj", "{9A4E131F-7FBC-4C10-9B5C-5448451459FE}"
EndProject
Project("{9A19103F-16F7-4668-BE54-9A1E7A4F7556}") = "CoreCodeCamper.Core", "src\Services\CoreCodeCamper.Core\CoreCodeCamper.Core.csproj", "{69DB6F6C-1CD2-4DDA-A528-983199FD1C67}"
EndProject
Project("{9A19103F-16F7-4668-BE54-9A1E7A4F7556}") = "UnitTests", "test\UnitTests\UnitTests.csproj", "{084032F0-5F42-4271-9102-61655018022D}"
EndProject
Project("{2150E333-8FDC-42A3-9474-1A3956D46DE8}") = "Web", "Web", "{9B6AA003-3DF9-4289-8873-5F43716CFA94}"
EndProject
Project("{2150E333-8FDC-42A3-9474-1A3956D46DE8}") = "Shared", "Shared", "{BE2440AE-9788-4F02-AFEC-13A059C63443}"
EndProject
Project("{9A19103F-16F7-4668-BE54-9A1E7A4F7556}") = "Shared.AspNetCore", "src\Shared\Shared.AspNetCore\Shared.AspNetCore.csproj", "{0BB11381-D6EF-4A68-9B1E-8473727C4672}"
EndProject
Project("{9A19103F-16F7-4668-BE54-9A1E7A4F7556}") = "Shared.Common", "src\Shared\Shared.Common\Shared.Common.csproj", "{2B3FAA16-F79D-49E0-AEE1-6D8B507B4A95}"
EndProject
Project("{9A19103F-16F7-4668-BE54-9A1E7A4F7556}") = "CoreCodeCamper.Infrastructure", "src\Services\CoreCodeCamper.Infrastructure\CoreCodeCamper.Infrastructure.csproj", "{F739A2D0-06DB-42C3-B955-BABE16E0E9B1}"
EndProject
Project("{FAE04EC0-301F-11D3-BF4B-00C04F79EFBC}") = "XUnitTestProject1", "XUnitTestProject1\XUnitTestProject1.csproj", "{C5B4D037-6A1F-4322-B657-2E5CC8DBBB55}"
EndProject
Global
	GlobalSection(SolutionConfigurationPlatforms) = preSolution
		Debug|Any CPU = Debug|Any CPU
		Release|Any CPU = Release|Any CPU
	EndGlobalSection
	GlobalSection(ProjectConfigurationPlatforms) = postSolution
		{9A4E131F-7FBC-4C10-9B5C-5448451459FE}.Debug|Any CPU.ActiveCfg = Debug|Any CPU
		{9A4E131F-7FBC-4C10-9B5C-5448451459FE}.Debug|Any CPU.Build.0 = Debug|Any CPU
		{9A4E131F-7FBC-4C10-9B5C-5448451459FE}.Release|Any CPU.ActiveCfg = Release|Any CPU
		{9A4E131F-7FBC-4C10-9B5C-5448451459FE}.Release|Any CPU.Build.0 = Release|Any CPU
		{69DB6F6C-1CD2-4DDA-A528-983199FD1C67}.Debug|Any CPU.ActiveCfg = Debug|Any CPU
		{69DB6F6C-1CD2-4DDA-A528-983199FD1C67}.Debug|Any CPU.Build.0 = Debug|Any CPU
		{69DB6F6C-1CD2-4DDA-A528-983199FD1C67}.Release|Any CPU.ActiveCfg = Release|Any CPU
		{69DB6F6C-1CD2-4DDA-A528-983199FD1C67}.Release|Any CPU.Build.0 = Release|Any CPU
		{084032F0-5F42-4271-9102-61655018022D}.Debug|Any CPU.ActiveCfg = Debug|Any CPU
		{084032F0-5F42-4271-9102-61655018022D}.Debug|Any CPU.Build.0 = Debug|Any CPU
		{084032F0-5F42-4271-9102-61655018022D}.Release|Any CPU.ActiveCfg = Release|Any CPU
		{084032F0-5F42-4271-9102-61655018022D}.Release|Any CPU.Build.0 = Release|Any CPU
		{0BB11381-D6EF-4A68-9B1E-8473727C4672}.Debug|Any CPU.ActiveCfg = Debug|Any CPU
		{0BB11381-D6EF-4A68-9B1E-8473727C4672}.Debug|Any CPU.Build.0 = Debug|Any CPU
		{0BB11381-D6EF-4A68-9B1E-8473727C4672}.Release|Any CPU.ActiveCfg = Release|Any CPU
		{0BB11381-D6EF-4A68-9B1E-8473727C4672}.Release|Any CPU.Build.0 = Release|Any CPU
		{2B3FAA16-F79D-49E0-AEE1-6D8B507B4A95}.Debug|Any CPU.ActiveCfg = Debug|Any CPU
		{2B3FAA16-F79D-49E0-AEE1-6D8B507B4A95}.Debug|Any CPU.Build.0 = Debug|Any CPU
		{2B3FAA16-F79D-49E0-AEE1-6D8B507B4A95}.Release|Any CPU.ActiveCfg = Release|Any CPU
		{2B3FAA16-F79D-49E0-AEE1-6D8B507B4A95}.Release|Any CPU.Build.0 = Release|Any CPU
		{F739A2D0-06DB-42C3-B955-BABE16E0E9B1}.Debug|Any CPU.ActiveCfg = Debug|Any CPU
		{F739A2D0-06DB-42C3-B955-BABE16E0E9B1}.Debug|Any CPU.Build.0 = Debug|Any CPU
		{F739A2D0-06DB-42C3-B955-BABE16E0E9B1}.Release|Any CPU.ActiveCfg = Release|Any CPU
		{F739A2D0-06DB-42C3-B955-BABE16E0E9B1}.Release|Any CPU.Build.0 = Release|Any CPU
		{C5B4D037-6A1F-4322-B657-2E5CC8DBBB55}.Debug|Any CPU.ActiveCfg = Debug|Any CPU
		{C5B4D037-6A1F-4322-B657-2E5CC8DBBB55}.Debug|Any CPU.Build.0 = Debug|Any CPU
		{C5B4D037-6A1F-4322-B657-2E5CC8DBBB55}.Release|Any CPU.ActiveCfg = Release|Any CPU
		{C5B4D037-6A1F-4322-B657-2E5CC8DBBB55}.Release|Any CPU.Build.0 = Release|Any CPU
	EndGlobalSection
	GlobalSection(SolutionProperties) = preSolution
		HideSolutionNode = FALSE
	EndGlobalSection
	GlobalSection(NestedProjects) = preSolution
		{228E38E3-572D-42BB-BE6A-CFAE7FF105BA} = {A4CE505F-9E5D-409E-8CAB-B43C8A79A26F}
		{9A4E131F-7FBC-4C10-9B5C-5448451459FE} = {228E38E3-572D-42BB-BE6A-CFAE7FF105BA}
		{69DB6F6C-1CD2-4DDA-A528-983199FD1C67} = {228E38E3-572D-42BB-BE6A-CFAE7FF105BA}
		{084032F0-5F42-4271-9102-61655018022D} = {4AE8A0DA-6C49-4F20-8185-AF666423E63F}
		{9B6AA003-3DF9-4289-8873-5F43716CFA94} = {A4CE505F-9E5D-409E-8CAB-B43C8A79A26F}
		{BE2440AE-9788-4F02-AFEC-13A059C63443} = {A4CE505F-9E5D-409E-8CAB-B43C8A79A26F}
		{0BB11381-D6EF-4A68-9B1E-8473727C4672} = {BE2440AE-9788-4F02-AFEC-13A059C63443}
		{2B3FAA16-F79D-49E0-AEE1-6D8B507B4A95} = {BE2440AE-9788-4F02-AFEC-13A059C63443}
		{F739A2D0-06DB-42C3-B955-BABE16E0E9B1} = {228E38E3-572D-42BB-BE6A-CFAE7FF105BA}
		{C5B4D037-6A1F-4322-B657-2E5CC8DBBB55} = {4AE8A0DA-6C49-4F20-8185-AF666423E63F}
	EndGlobalSection
	GlobalSection(ExtensibilityGlobals) = postSolution
		SolutionGuid = {5C422D4D-7E1A-423C-BE6A-5995AEFA1948}
	EndGlobalSection
EndGlobal
